// !$*UTF8*$!
{
	archiveVersion = 1;
	classes = {
	};
	objectVersion = 56;
	objects = {

/* Begin PBXBuildFile section */
		000F712E29BF5CCF0071DD9A /* AppDelegate.swift in Sources */ = {isa = PBXBuildFile; fileRef = 000F712D29BF5CCF0071DD9A /* AppDelegate.swift */; };
		000F713029BF5CCF0071DD9A /* SceneDelegate.swift in Sources */ = {isa = PBXBuildFile; fileRef = 000F712F29BF5CCF0071DD9A /* SceneDelegate.swift */; };
		000F713229BF5CCF0071DD9A /* ViewController.swift in Sources */ = {isa = PBXBuildFile; fileRef = 000F713129BF5CCF0071DD9A /* ViewController.swift */; };
		000F713529BF5CCF0071DD9A /* Main.storyboard in Resources */ = {isa = PBXBuildFile; fileRef = 000F713329BF5CCF0071DD9A /* Main.storyboard */; };
		000F713729BF5CD20071DD9A /* Assets.xcassets in Resources */ = {isa = PBXBuildFile; fileRef = 000F713629BF5CD20071DD9A /* Assets.xcassets */; };
		000F713A29BF5CD20071DD9A /* LaunchScreen.storyboard in Resources */ = {isa = PBXBuildFile; fileRef = 000F713829BF5CD20071DD9A /* LaunchScreen.storyboard */; };
		000F714829BF620F0071DD9A /* Constants.swift in Sources */ = {isa = PBXBuildFile; fileRef = 000F714729BF620F0071DD9A /* Constants.swift */; };
		000F714B29BF64910071DD9A /* SpotifyiOS in Frameworks */ = {isa = PBXBuildFile; productRef = 000F714A29BF64910071DD9A /* SpotifyiOS */; };
/* End PBXBuildFile section */

/* Begin PBXFileReference section */
		000F712A29BF5CCF0071DD9A /* Feeltune.app */ = {isa = PBXFileReference; explicitFileType = wrapper.application; includeInIndex = 0; path = Feeltune.app; sourceTree = BUILT_PRODUCTS_DIR; };
		000F712D29BF5CCF0071DD9A /* AppDelegate.swift */ = {isa = PBXFileReference; lastKnownFileType = sourcecode.swift; path = AppDelegate.swift; sourceTree = "<group>"; };
		000F712F29BF5CCF0071DD9A /* SceneDelegate.swift */ = {isa = PBXFileReference; lastKnownFileType = sourcecode.swift; path = SceneDelegate.swift; sourceTree = "<group>"; };
		000F713129BF5CCF0071DD9A /* ViewController.swift */ = {isa = PBXFileReference; lastKnownFileType = sourcecode.swift; path = ViewController.swift; sourceTree = "<group>"; };
		000F713429BF5CCF0071DD9A /* Base */ = {isa = PBXFileReference; lastKnownFileType = file.storyboard; name = Base; path = Base.lproj/Main.storyboard; sourceTree = "<group>"; };
		000F713629BF5CD20071DD9A /* Assets.xcassets */ = {isa = PBXFileReference; lastKnownFileType = folder.assetcatalog; path = Assets.xcassets; sourceTree = "<group>"; };
		000F713929BF5CD20071DD9A /* Base */ = {isa = PBXFileReference; lastKnownFileType = file.storyboard; name = Base; path = Base.lproj/LaunchScreen.storyboard; sourceTree = "<group>"; };
		000F713B29BF5CD20071DD9A /* Info.plist */ = {isa = PBXFileReference; lastKnownFileType = text.plist.xml; path = Info.plist; sourceTree = "<group>"; };
		000F714429BF604F0071DD9A /* Feeltune-Bridging-Header.h */ = {isa = PBXFileReference; lastKnownFileType = sourcecode.c.h; path = "Feeltune-Bridging-Header.h"; sourceTree = "<group>"; };
		000F714729BF620F0071DD9A /* Constants.swift */ = {isa = PBXFileReference; lastKnownFileType = sourcecode.swift; path = Constants.swift; sourceTree = "<group>"; };
/* End PBXFileReference section */

/* Begin PBXFrameworksBuildPhase section */
		000F712729BF5CCF0071DD9A /* Frameworks */ = {
			isa = PBXFrameworksBuildPhase;
			buildActionMask = 2147483647;
			files = (
				000F714B29BF64910071DD9A /* SpotifyiOS in Frameworks */,
			);
			runOnlyForDeploymentPostprocessing = 0;
		};
/* End PBXFrameworksBuildPhase section */

/* Begin PBXGroup section */
		000F712129BF5CCF0071DD9A = {
			isa = PBXGroup;
			children = (
				000F712C29BF5CCF0071DD9A /* Feeltune */,
				000F712B29BF5CCF0071DD9A /* Products */,
			);
			sourceTree = "<group>";
		};
		000F712B29BF5CCF0071DD9A /* Products */ = {
			isa = PBXGroup;
			children = (
				000F712A29BF5CCF0071DD9A /* Feeltune.app */,
			);
			name = Products;
			sourceTree = "<group>";
		};
		000F712C29BF5CCF0071DD9A /* Feeltune */ = {
			isa = PBXGroup;
			children = (
				000F714329BF5F940071DD9A /* Files */,
				000F712F29BF5CCF0071DD9A /* SceneDelegate.swift */,
				000F713129BF5CCF0071DD9A /* ViewController.swift */,
				000F714429BF604F0071DD9A /* Feeltune-Bridging-Header.h */,
				000F714729BF620F0071DD9A /* Constants.swift */,
			);
			path = Feeltune;
			sourceTree = "<group>";
		};
		000F714329BF5F940071DD9A /* Files */ = {
			isa = PBXGroup;
			children = (
				000F712D29BF5CCF0071DD9A /* AppDelegate.swift */,
				000F713329BF5CCF0071DD9A /* Main.storyboard */,
				000F713629BF5CD20071DD9A /* Assets.xcassets */,
				000F713829BF5CD20071DD9A /* LaunchScreen.storyboard */,
				000F713B29BF5CD20071DD9A /* Info.plist */,
			);
			name = Files;
			sourceTree = "<group>";
		};
/* End PBXGroup section */

/* Begin PBXNativeTarget section */
		000F712929BF5CCF0071DD9A /* Feeltune */ = {
			isa = PBXNativeTarget;
			buildConfigurationList = 000F713E29BF5CD20071DD9A /* Build configuration list for PBXNativeTarget "Feeltune" */;
			buildPhases = (
				000F712629BF5CCF0071DD9A /* Sources */,
				000F712729BF5CCF0071DD9A /* Frameworks */,
				000F712829BF5CCF0071DD9A /* Resources */,
			);
			buildRules = (
			);
			dependencies = (
			);
			name = Feeltune;
			packageProductDependencies = (
				000F714A29BF64910071DD9A /* SpotifyiOS */,
			);
			productName = Feeltune;
			productReference = 000F712A29BF5CCF0071DD9A /* Feeltune.app */;
			productType = "com.apple.product-type.application";
		};
/* End PBXNativeTarget section */

/* Begin PBXProject section */
		000F712229BF5CCF0071DD9A /* Project object */ = {
			isa = PBXProject;
			attributes = {
				BuildIndependentTargetsInParallel = 1;
				LastSwiftUpdateCheck = 1400;
				LastUpgradeCheck = 1400;
				TargetAttributes = {
					000F712929BF5CCF0071DD9A = {
						CreatedOnToolsVersion = 14.0.1;
						LastSwiftMigration = 1400;
					};
				};
			};
			buildConfigurationList = 000F712529BF5CCF0071DD9A /* Build configuration list for PBXProject "Feeltune" */;
			compatibilityVersion = "Xcode 14.0";
			developmentRegion = en;
			hasScannedForEncodings = 0;
			knownRegions = (
				en,
				Base,
			);
			mainGroup = 000F712129BF5CCF0071DD9A;
			packageReferences = (
				000F714929BF64910071DD9A /* XCRemoteSwiftPackageReference "ios-sdk" */,
			);
			productRefGroup = 000F712B29BF5CCF0071DD9A /* Products */;
			projectDirPath = "";
			projectRoot = "";
			targets = (
				000F712929BF5CCF0071DD9A /* Feeltune */,
			);
		};
/* End PBXProject section */

/* Begin PBXResourcesBuildPhase section */
		000F712829BF5CCF0071DD9A /* Resources */ = {
			isa = PBXResourcesBuildPhase;
			buildActionMask = 2147483647;
			files = (
				000F713A29BF5CD20071DD9A /* LaunchScreen.storyboard in Resources */,
				000F713729BF5CD20071DD9A /* Assets.xcassets in Resources */,
				000F713529BF5CCF0071DD9A /* Main.storyboard in Resources */,
			);
			runOnlyForDeploymentPostprocessing = 0;
		};
/* End PBXResourcesBuildPhase section */

/* Begin PBXSourcesBuildPhase section */
		000F712629BF5CCF0071DD9A /* Sources */ = {
			isa = PBXSourcesBuildPhase;
			buildActionMask = 2147483647;
			files = (
				000F713229BF5CCF0071DD9A /* ViewController.swift in Sources */,
				000F712E29BF5CCF0071DD9A /* AppDelegate.swift in Sources */,
				000F713029BF5CCF0071DD9A /* SceneDelegate.swift in Sources */,
				000F714829BF620F0071DD9A /* Constants.swift in Sources */,
			);
			runOnlyForDeploymentPostprocessing = 0;
		};
/* End PBXSourcesBuildPhase section */

/* Begin PBXVariantGroup section */
		000F713329BF5CCF0071DD9A /* Main.storyboard */ = {
			isa = PBXVariantGroup;
			children = (
				000F713429BF5CCF0071DD9A /* Base */,
			);
			name = Main.storyboard;
			sourceTree = "<group>";
		};
		000F713829BF5CD20071DD9A /* LaunchScreen.storyboard */ = {
			isa = PBXVariantGroup;
			children = (
				000F713929BF5CD20071DD9A /* Base */,
			);
			name = LaunchScreen.storyboard;
			sourceTree = "<group>";
		};
/* End PBXVariantGroup section */

/* Begin XCBuildConfiguration section */
		000F713C29BF5CD20071DD9A /* Debug */ = {
			isa = XCBuildConfiguration;
			buildSettings = {
				ALWAYS_SEARCH_USER_PATHS = NO;
				CLANG_ANALYZER_NONNULL = YES;
				CLANG_ANALYZER_NUMBER_OBJECT_CONVERSION = YES_AGGRESSIVE;
				CLANG_CXX_LANGUAGE_STANDARD = "gnu++20";
				CLANG_ENABLE_MODULES = YES;
				CLANG_ENABLE_OBJC_ARC = YES;
				CLANG_ENABLE_OBJC_WEAK = YES;
				CLANG_WARN_BLOCK_CAPTURE_AUTORELEASING = YES;
				CLANG_WARN_BOOL_CONVERSION = YES;
				CLANG_WARN_COMMA = YES;
				CLANG_WARN_CONSTANT_CONVERSION = YES;
				CLANG_WARN_DEPRECATED_OBJC_IMPLEMENTATIONS = YES;
				CLANG_WARN_DIRECT_OBJC_ISA_USAGE = YES_ERROR;
				CLANG_WARN_DOCUMENTATION_COMMENTS = YES;
				CLANG_WARN_EMPTY_BODY = YES;
				CLANG_WARN_ENUM_CONVERSION = YES;
				CLANG_WARN_INFINITE_RECURSION = YES;
				CLANG_WARN_INT_CONVERSION = YES;
				CLANG_WARN_NON_LITERAL_NULL_CONVERSION = YES;
				CLANG_WARN_OBJC_IMPLICIT_RETAIN_SELF = YES;
				CLANG_WARN_OBJC_LITERAL_CONVERSION = YES;
				CLANG_WARN_OBJC_ROOT_CLASS = YES_ERROR;
				CLANG_WARN_QUOTED_INCLUDE_IN_FRAMEWORK_HEADER = YES;
				CLANG_WARN_RANGE_LOOP_ANALYSIS = YES;
				CLANG_WARN_STRICT_PROTOTYPES = YES;
				CLANG_WARN_SUSPICIOUS_MOVE = YES;
				CLANG_WARN_UNGUARDED_AVAILABILITY = YES_AGGRESSIVE;
				CLANG_WARN_UNREACHABLE_CODE = YES;
				CLANG_WARN__DUPLICATE_METHOD_MATCH = YES;
				COPY_PHASE_STRIP = NO;
				DEBUG_INFORMATION_FORMAT = dwarf;
				ENABLE_STRICT_OBJC_MSGSEND = YES;
				ENABLE_TESTABILITY = YES;
				GCC_C_LANGUAGE_STANDARD = gnu11;
				GCC_DYNAMIC_NO_PIC = NO;
				GCC_NO_COMMON_BLOCKS = YES;
				GCC_OPTIMIZATION_LEVEL = 0;
				GCC_PREPROCESSOR_DEFINITIONS = (
					"DEBUG=1",
					"$(inherited)",
				);
				GCC_WARN_64_TO_32_BIT_CONVERSION = YES;
				GCC_WARN_ABOUT_RETURN_TYPE = YES_ERROR;
				GCC_WARN_UNDECLARED_SELECTOR = YES;
				GCC_WARN_UNINITIALIZED_AUTOS = YES_AGGRESSIVE;
				GCC_WARN_UNUSED_FUNCTION = YES;
				GCC_WARN_UNUSED_VARIABLE = YES;
				IPHONEOS_DEPLOYMENT_TARGET = 16.0;
				MTL_ENABLE_DEBUG_INFO = INCLUDE_SOURCE;
				MTL_FAST_MATH = YES;
				ONLY_ACTIVE_ARCH = YES;
				SDKROOT = iphoneos;
				SWIFT_ACTIVE_COMPILATION_CONDITIONS = DEBUG;
				SWIFT_OPTIMIZATION_LEVEL = "-Onone";
			};
			name = Debug;
		};
		000F713D29BF5CD20071DD9A /* Release */ = {
			isa = XCBuildConfiguration;
			buildSettings = {
				ALWAYS_SEARCH_USER_PATHS = NO;
				CLANG_ANALYZER_NONNULL = YES;
				CLANG_ANALYZER_NUMBER_OBJECT_CONVERSION = YES_AGGRESSIVE;
				CLANG_CXX_LANGUAGE_STANDARD = "gnu++20";
				CLANG_ENABLE_MODULES = YES;
				CLANG_ENABLE_OBJC_ARC = YES;
				CLANG_ENABLE_OBJC_WEAK = YES;
				CLANG_WARN_BLOCK_CAPTURE_AUTORELEASING = YES;
				CLANG_WARN_BOOL_CONVERSION = YES;
				CLANG_WARN_COMMA = YES;
				CLANG_WARN_CONSTANT_CONVERSION = YES;
				CLANG_WARN_DEPRECATED_OBJC_IMPLEMENTATIONS = YES;
				CLANG_WARN_DIRECT_OBJC_ISA_USAGE = YES_ERROR;
				CLANG_WARN_DOCUMENTATION_COMMENTS = YES;
				CLANG_WARN_EMPTY_BODY = YES;
				CLANG_WARN_ENUM_CONVERSION = YES;
				CLANG_WARN_INFINITE_RECURSION = YES;
				CLANG_WARN_INT_CONVERSION = YES;
				CLANG_WARN_NON_LITERAL_NULL_CONVERSION = YES;
				CLANG_WARN_OBJC_IMPLICIT_RETAIN_SELF = YES;
				CLANG_WARN_OBJC_LITERAL_CONVERSION = YES;
				CLANG_WARN_OBJC_ROOT_CLASS = YES_ERROR;
				CLANG_WARN_QUOTED_INCLUDE_IN_FRAMEWORK_HEADER = YES;
				CLANG_WARN_RANGE_LOOP_ANALYSIS = YES;
				CLANG_WARN_STRICT_PROTOTYPES = YES;
				CLANG_WARN_SUSPICIOUS_MOVE = YES;
				CLANG_WARN_UNGUARDED_AVAILABILITY = YES_AGGRESSIVE;
				CLANG_WARN_UNREACHABLE_CODE = YES;
				CLANG_WARN__DUPLICATE_METHOD_MATCH = YES;
				COPY_PHASE_STRIP = NO;
				DEBUG_INFORMATION_FORMAT = "dwarf-with-dsym";
				ENABLE_NS_ASSERTIONS = NO;
				ENABLE_STRICT_OBJC_MSGSEND = YES;
				GCC_C_LANGUAGE_STANDARD = gnu11;
				GCC_NO_COMMON_BLOCKS = YES;
				GCC_WARN_64_TO_32_BIT_CONVERSION = YES;
				GCC_WARN_ABOUT_RETURN_TYPE = YES_ERROR;
				GCC_WARN_UNDECLARED_SELECTOR = YES;
				GCC_WARN_UNINITIALIZED_AUTOS = YES_AGGRESSIVE;
				GCC_WARN_UNUSED_FUNCTION = YES;
				GCC_WARN_UNUSED_VARIABLE = YES;
				IPHONEOS_DEPLOYMENT_TARGET = 16.0;
				MTL_ENABLE_DEBUG_INFO = NO;
				MTL_FAST_MATH = YES;
				SDKROOT = iphoneos;
				SWIFT_COMPILATION_MODE = wholemodule;
				SWIFT_OPTIMIZATION_LEVEL = "-O";
				VALIDATE_PRODUCT = YES;
			};
			name = Release;
		};
		000F713F29BF5CD20071DD9A /* Debug */ = {
			isa = XCBuildConfiguration;
			buildSettings = {
				ASSETCATALOG_COMPILER_APPICON_NAME = AppIcon;
				ASSETCATALOG_COMPILER_GLOBAL_ACCENT_COLOR_NAME = AccentColor;
				CLANG_ENABLE_MODULES = YES;
				CODE_SIGN_STYLE = Automatic;
				CURRENT_PROJECT_VERSION = 1;
				DEVELOPMENT_TEAM = DTSAAQTA2J;
				FRAMEWORK_SEARCH_PATHS = (
					"$(inherited)",
					"$(PROJECT_DIR)/Feeltune",
				);
				GENERATE_INFOPLIST_FILE = YES;
				INFOPLIST_FILE = Feeltune/Info.plist;
				INFOPLIST_KEY_UIApplicationSupportsIndirectInputEvents = YES;
				INFOPLIST_KEY_UILaunchStoryboardName = LaunchScreen;
				INFOPLIST_KEY_UIMainStoryboardFile = Main;
				INFOPLIST_KEY_UISupportedInterfaceOrientations_iPad = "UIInterfaceOrientationPortrait UIInterfaceOrientationPortraitUpsideDown UIInterfaceOrientationLandscapeLeft UIInterfaceOrientationLandscapeRight";
				INFOPLIST_KEY_UISupportedInterfaceOrientations_iPhone = "UIInterfaceOrientationPortrait UIInterfaceOrientationLandscapeLeft UIInterfaceOrientationLandscapeRight";
				LD_RUNPATH_SEARCH_PATHS = (
					"$(inherited)",
					"@executable_path/Frameworks",
				);
				MARKETING_VERSION = 1.0;
				OTHER_LDFLAGS = "-ObjC";
				PRODUCT_BUNDLE_IDENTIFIER = com.frt.Feeltune;
				PRODUCT_NAME = "$(TARGET_NAME)";
				SWIFT_EMIT_LOC_STRINGS = YES;
				SWIFT_OBJC_BRIDGING_HEADER = "Feeltune/Feeltune-Bridging-Header.h";
				SWIFT_OPTIMIZATION_LEVEL = "-Onone";
				SWIFT_VERSION = 5.0;
				TARGETED_DEVICE_FAMILY = "1,2";
			};
			name = Debug;
		};
		000F714029BF5CD20071DD9A /* Release */ = {
			isa = XCBuildConfiguration;
			buildSettings = {
				ASSETCATALOG_COMPILER_APPICON_NAME = AppIcon;
				ASSETCATALOG_COMPILER_GLOBAL_ACCENT_COLOR_NAME = AccentColor;
				CLANG_ENABLE_MODULES = YES;
				CODE_SIGN_STYLE = Automatic;
				CURRENT_PROJECT_VERSION = 1;
				DEVELOPMENT_TEAM = DTSAAQTA2J;
				FRAMEWORK_SEARCH_PATHS = (
					"$(inherited)",
					"$(PROJECT_DIR)/Feeltune",
				);
				GENERATE_INFOPLIST_FILE = YES;
				INFOPLIST_FILE = Feeltune/Info.plist;
				INFOPLIST_KEY_UIApplicationSupportsIndirectInputEvents = YES;
				INFOPLIST_KEY_UILaunchStoryboardName = LaunchScreen;
				INFOPLIST_KEY_UIMainStoryboardFile = Main;
				INFOPLIST_KEY_UISupportedInterfaceOrientations_iPad = "UIInterfaceOrientationPortrait UIInterfaceOrientationPortraitUpsideDown UIInterfaceOrientationLandscapeLeft UIInterfaceOrientationLandscapeRight";
				INFOPLIST_KEY_UISupportedInterfaceOrientations_iPhone = "UIInterfaceOrientationPortrait UIInterfaceOrientationLandscapeLeft UIInterfaceOrientationLandscapeRight";
				LD_RUNPATH_SEARCH_PATHS = (
					"$(inherited)",
					"@executable_path/Frameworks",
				);
				MARKETING_VERSION = 1.0;
				OTHER_LDFLAGS = "-ObjC";
				PRODUCT_BUNDLE_IDENTIFIER = com.frt.Feeltune;
				PRODUCT_NAME = "$(TARGET_NAME)";
				SWIFT_EMIT_LOC_STRINGS = YES;
				SWIFT_OBJC_BRIDGING_HEADER = "Feeltune/Feeltune-Bridging-Header.h";
				SWIFT_VERSION = 5.0;
				TARGETED_DEVICE_FAMILY = "1,2";
			};
			name = Release;
		};
/* End XCBuildConfiguration section */

/* Begin XCConfigurationList section */
		000F712529BF5CCF0071DD9A /* Build configuration list for PBXProject "Feeltune" */ = {
			isa = XCConfigurationList;
			buildConfigurations = (
				000F713C29BF5CD20071DD9A /* Debug */,
				000F713D29BF5CD20071DD9A /* Release */,
			);
			defaultConfigurationIsVisible = 0;
			defaultConfigurationName = Release;
		};
		000F713E29BF5CD20071DD9A /* Build configuration list for PBXNativeTarget "Feeltune" */ = {
			isa = XCConfigurationList;
			buildConfigurations = (
				000F713F29BF5CD20071DD9A /* Debug */,
				000F714029BF5CD20071DD9A /* Release */,
			);
			defaultConfigurationIsVisible = 0;
			defaultConfigurationName = Release;
		};
/* End XCConfigurationList section */

/* Begin XCRemoteSwiftPackageReference section */
		000F714929BF64910071DD9A /* XCRemoteSwiftPackageReference "ios-sdk" */ = {
			isa = XCRemoteSwiftPackageReference;
			repositoryURL = "https://github.com/spotify/ios-sdk.git";
			requirement = {
				branch = master;
				kind = branch;
			};
		};
/* End XCRemoteSwiftPackageReference section */

/* Begin XCSwiftPackageProductDependency section */
		000F714A29BF64910071DD9A /* SpotifyiOS */ = {
			isa = XCSwiftPackageProductDependency;
			package = 000F714929BF64910071DD9A /* XCRemoteSwiftPackageReference "ios-sdk" */;
			productName = SpotifyiOS;
		};
/* End XCSwiftPackageProductDependency section */
	};
	rootObject = 000F712229BF5CCF0071DD9A /* Project object */;
}
